{
  "requires": true,
  "lockfileVersion": 1,
  "dependencies": {
    "jquery-panelsnap": {
      "version": "0.16.0",
      "resolved": "https://registry.npmjs.org/jquery-panelsnap/-/jquery-panelsnap-0.16.0.tgz",
      "integrity": "sha512-wAgVNv5s8PJ4wEU4l3VH8dFj2kXND8N0h6QbOMFCD+yWtIvTIOIjyIuBD7qsEbYWq1rshkapLchX2wgzXyM1IA=="
    }
  }
}
